# This file is autogenerated, do not edit; changes may be undone by the next 'dep ensure'.


[[projects]]
  branch = "master"
  name = "github.com/blendlabs/go-exception"
  packages = ["."]
  revision = "8d6614c6a381fe586fa618174af22043ff966730"

[[projects]]
  branch = "master"
  name = "github.com/bojand/go-npmdl"
  packages = ["."]
  revision = "2eb113592fbdfc70e1999f7e63280f05fe519ef4"

[[projects]]
  name = "github.com/go-chi/chi"
  packages = ["."]
  revision = "e83ac2304db3c50cf03d96a2fcd39009d458bc35"
  version = "v3.3.2"

[[projects]]
  branch = "master"
  name = "github.com/golang/freetype"
  packages = [
    "raster",
    "truetype"
  ]
  revision = "e2365dfdc4a05e4b8299a783240d4a7d5a65d4e4"

[[projects]]
  name = "github.com/wcharczuk/go-chart"
  packages = [
    ".",
    "drawing"
  ]
  revision = "fc2973067ce43455507ea5f9aa9814aabbf8f2ca"
  version = "v2.0"

[[projects]]
  branch = "master"
  name = "golang.org/x/image"
  packages = [
    "draw",
    "font",
    "math/f64",
    "math/fixed"
  ]
  revision = "12117c17ca67ffa1ce22e9409f3b0b0a93ac08c7"

[solve-meta]
  analyzer-name = "dep"
  analyzer-version = 1
  inputs-digest = "f0b8b271dc58aa6c8a718a45c9b2d403ca074ebd864c0bb60b118ff051e187f1"
  solver-name = "gps-cdcl"
  solver-version = 1
